
Microsoft Visual Studio Solution File, Format Version 12.00
# Visual Studio 15
VisualStudioVersion = 15.0.28307.421
MinimumVisualStudioVersion = 10.0.40219.1
Project("{9A19103F-16F7-4668-BE54-9A1E7A4F7556}") = "Test", "Test\Test.csproj", "{CBF3E19D-A25E-4435-B753-BE52967CD60A}"
EndProject
Project("{FAE04EC0-301F-11D3-BF4B-00C04F79EFBC}") = "TestProject", "TestProject\TestProject.csproj", "{09C95CEE-91C9-49AF-AB98-2F880C4BBC15}"
EndProject
Global
	GlobalSection(SolutionConfigurationPlatforms) = preSolution
		Debug|Any CPU = Debug|Any CPU
		Release|Any CPU = Release|Any CPU
	EndGlobalSection
	GlobalSection(ProjectConfigurationPlatforms) = postSolution
		{CBF3E19D-A25E-4435-B753-BE52967CD60A}.Debug|Any CPU.ActiveCfg = Debug|Any CPU
		{CBF3E19D-A25E-4435-B753-BE52967CD60A}.Debug|Any CPU.Build.0 = Debug|Any CPU
		{CBF3E19D-A25E-4435-B753-BE52967CD60A}.Release|Any CPU.ActiveCfg = Release|Any CPU
		{CBF3E19D-A25E-4435-B753-BE52967CD60A}.Release|Any CPU.Build.0 = Release|Any CPU
		{09C95CEE-91C9-49AF-AB98-2F880C4BBC15}.Debug|Any CPU.ActiveCfg = Debug|Any CPU
		{09C95CEE-91C9-49AF-AB98-2F880C4BBC15}.Debug|Any CPU.Build.0 = Debug|Any CPU
		{09C95CEE-91C9-49AF-AB98-2F880C4BBC15}.Release|Any CPU.ActiveCfg = Release|Any CPU
		{09C95CEE-91C9-49AF-AB98-2F880C4BBC15}.Release|Any CPU.Build.0 = Release|Any CPU
	EndGlobalSection
	GlobalSection(SolutionProperties) = preSolution
		HideSolutionNode = FALSE
	EndGlobalSection
	GlobalSection(ExtensibilityGlobals) = postSolution
		SolutionGuid = {22A19D58-F0B7-4DDC-8B21-94C7EC5C708E}
	EndGlobalSection
EndGlobal
